
Microsoft Visual Studio Solution File, Format Version 12.00
# Visual Studio Version 17
VisualStudioVersion = 17.14.36202.13 d17.14
MinimumVisualStudioVersion = 10.0.40219.1
Project("{888888A0-9F3D-457C-B088-3A5042F75D52}") = "Flower_Clock_Password_Manager", "Flower_Clock_Password_Manager.pyproj", "{F2058609-EB47-4DAA-8A96-1739DD039813}"
EndProject
Global
	GlobalSection(SolutionConfigurationPlatforms) = preSolution
		Debug|Any CPU = Debug|Any CPU
		Release|Any CPU = Release|Any CPU
	EndGlobalSection
	GlobalSection(ProjectConfigurationPlatforms) = postSolution
		{F2058609-EB47-4DAA-8A96-1739DD039813}.Debug|Any CPU.ActiveCfg = Debug|Any CPU
		{F2058609-EB47-4DAA-8A96-1739DD039813}.Release|Any CPU.ActiveCfg = Release|Any CPU
	EndGlobalSection
	GlobalSection(SolutionProperties) = preSolution
		HideSolutionNode = FALSE
	EndGlobalSection
	GlobalSection(ExtensibilityGlobals) = postSolution
		SolutionGuid = {98340311-CA94-41E3-AE9C-9C3FC4F50825}
	EndGlobalSection
EndGlobal
